
Microsoft Visual Studio Solution File, Format Version 12.00
# Visual Studio Version 16
VisualStudioVersion = 16.0.29806.167
MinimumVisualStudioVersion = 10.0.40219.1
Project("{9A19103F-16F7-4668-BE54-9A1E7A4F7556}") = "DbAccessConsoleApp", "DbAccessConsoleApp\DbAccessConsoleApp.csproj", "{2C956167-69DA-4475-8C11-BA072D0DB47D}"
EndProject
Project("{9A19103F-16F7-4668-BE54-9A1E7A4F7556}") = "ClassStudyConsoleApp", "ClassStudyConsoleApp\ClassStudyConsoleApp.csproj", "{08490885-9BF1-4E54-95AE-4029584FF3DE}"
EndProject
Project("{9A19103F-16F7-4668-BE54-9A1E7A4F7556}") = "DbAccessWpfApp2", "DbAccessWpfApp2\DbAccessWpfApp2.csproj", "{962E44A2-CE67-4106-85FC-770E845BF085}"
EndProject
Project("{9A19103F-16F7-4668-BE54-9A1E7A4F7556}") = "DbAccessWpfApp", "DbAccessWpfApp\DbAccessWpfApp.csproj", "{43CD80DA-D05D-474C-AF46-ACDFC391683F}"
EndProject
Project("{9A19103F-16F7-4668-BE54-9A1E7A4F7556}") = "DbAccessWpfApp3", "DbAccessWpfApp3\DbAccessWpfApp3.csproj", "{38DC4733-EF12-40C5-B042-B64AABEA1C9A}"
EndProject
Global
	GlobalSection(SolutionConfigurationPlatforms) = preSolution
		Debug|Any CPU = Debug|Any CPU
		Release|Any CPU = Release|Any CPU
	EndGlobalSection
	GlobalSection(ProjectConfigurationPlatforms) = postSolution
		{2C956167-69DA-4475-8C11-BA072D0DB47D}.Debug|Any CPU.ActiveCfg = Debug|Any CPU
		{2C956167-69DA-4475-8C11-BA072D0DB47D}.Debug|Any CPU.Build.0 = Debug|Any CPU
		{2C956167-69DA-4475-8C11-BA072D0DB47D}.Release|Any CPU.ActiveCfg = Release|Any CPU
		{2C956167-69DA-4475-8C11-BA072D0DB47D}.Release|Any CPU.Build.0 = Release|Any CPU
		{08490885-9BF1-4E54-95AE-4029584FF3DE}.Debug|Any CPU.ActiveCfg = Debug|Any CPU
		{08490885-9BF1-4E54-95AE-4029584FF3DE}.Debug|Any CPU.Build.0 = Debug|Any CPU
		{08490885-9BF1-4E54-95AE-4029584FF3DE}.Release|Any CPU.ActiveCfg = Release|Any CPU
		{08490885-9BF1-4E54-95AE-4029584FF3DE}.Release|Any CPU.Build.0 = Release|Any CPU
		{962E44A2-CE67-4106-85FC-770E845BF085}.Debug|Any CPU.ActiveCfg = Debug|Any CPU
		{962E44A2-CE67-4106-85FC-770E845BF085}.Debug|Any CPU.Build.0 = Debug|Any CPU
		{962E44A2-CE67-4106-85FC-770E845BF085}.Release|Any CPU.ActiveCfg = Release|Any CPU
		{962E44A2-CE67-4106-85FC-770E845BF085}.Release|Any CPU.Build.0 = Release|Any CPU
		{43CD80DA-D05D-474C-AF46-ACDFC391683F}.Debug|Any CPU.ActiveCfg = Debug|Any CPU
		{43CD80DA-D05D-474C-AF46-ACDFC391683F}.Debug|Any CPU.Build.0 = Debug|Any CPU
		{43CD80DA-D05D-474C-AF46-ACDFC391683F}.Release|Any CPU.ActiveCfg = Release|Any CPU
		{43CD80DA-D05D-474C-AF46-ACDFC391683F}.Release|Any CPU.Build.0 = Release|Any CPU
		{38DC4733-EF12-40C5-B042-B64AABEA1C9A}.Debug|Any CPU.ActiveCfg = Debug|Any CPU
		{38DC4733-EF12-40C5-B042-B64AABEA1C9A}.Debug|Any CPU.Build.0 = Debug|Any CPU
		{38DC4733-EF12-40C5-B042-B64AABEA1C9A}.Release|Any CPU.ActiveCfg = Release|Any CPU
		{38DC4733-EF12-40C5-B042-B64AABEA1C9A}.Release|Any CPU.Build.0 = Release|Any CPU
	EndGlobalSection
	GlobalSection(SolutionProperties) = preSolution
		HideSolutionNode = FALSE
	EndGlobalSection
	GlobalSection(ExtensibilityGlobals) = postSolution
		SolutionGuid = {4CC412CC-D03F-44FA-A83F-5A580F2C6216}
	EndGlobalSection
EndGlobal
