
Microsoft Visual Studio Solution File, Format Version 12.00
# Visual Studio Version 16
VisualStudioVersion = 16.0.29806.167
MinimumVisualStudioVersion = 10.0.40219.1
Project("{9A19103F-16F7-4668-BE54-9A1E7A4F7556}") = "DbAccessConsoleApp", "DbAccessConsoleApp\DbAccessConsoleApp.csproj", "{2C956167-69DA-4475-8C11-BA072D0DB47D}"
EndProject
Project("{9A19103F-16F7-4668-BE54-9A1E7A4F7556}") = "ClassStudyConsoleApp", "ClassStudyConsoleApp\ClassStudyConsoleApp.csproj", "{08490885-9BF1-4E54-95AE-4029584FF3DE}"
EndProject
Project("{9A19103F-16F7-4668-BE54-9A1E7A4F7556}") = "DbAccessWpfApp2", "DbAccessWpfApp2\DbAccessWpfApp2.csproj", "{962E44A2-CE67-4106-85FC-770E845BF085}"
EndProject
Project("{9A19103F-16F7-4668-BE54-9A1E7A4F7556}") = "DbAccessWpfApp", "DbAccessWpfApp\DbAccessWpfApp.csproj", "{43CD80DA-D05D-474C-AF46-ACDFC391683F}"
EndProject
Project("{9A19103F-16F7-4668-BE54-9A1E7A4F7556}") = "DbAccessWpfApp3", "DbAccessWpfApp3\DbAccessWpfApp3.csproj", "{38DC4733-EF12-40C5-B042-B64AABEA1C9A}"
EndProject
Project("{9A19103F-16F7-4668-BE54-9A1E7A4F7556}") = "DbAccessWpfApp4", "DbAccessWpfApp4\DbAccessWpfApp4.csproj", "{C8788C72-C39D-4A06-B129-EF3699A3D29E}"
EndProject
Project("{9A19103F-16F7-4668-BE54-9A1E7A4F7556}") = "DbAccessDatabase", "DbAccessDatabase\DbAccessDatabase.csproj", "{771B664E-046F-478B-BDF0-90F37BEED470}"
EndProject
Project("{9A19103F-16F7-4668-BE54-9A1E7A4F7556}") = "DbAccessWpfApp5", "DbAccessWpfApp5\DbAccessWpfApp5.csproj", "{946843BF-1970-4CCD-82B3-8E8539E2E63C}"
EndProject
Project("{9A19103F-16F7-4668-BE54-9A1E7A4F7556}") = "DbAccessWpfApp6", "DbAccessWpfApp6\DbAccessWpfApp6.csproj", "{A063F928-5B5E-4F99-8303-748FD00B57D9}"
EndProject
Project("{9A19103F-16F7-4668-BE54-9A1E7A4F7556}") = "WebScrapingApp", "WebScrapingApp\WebScrapingApp.csproj", "{72F57019-4D08-43EF-9196-B47248B0C3CB}"
EndProject
Project("{9A19103F-16F7-4668-BE54-9A1E7A4F7556}") = "DbAccessWebApp1", "DbAccessWebApp1\DbAccessWebApp1.csproj", "{2A14E8E6-6C05-4EC6-831D-AEFA3BA82716}"
EndProject
Project("{9A19103F-16F7-4668-BE54-9A1E7A4F7556}") = "WebApiWpfApp1", "WebApiWpfApp1\WebApiWpfApp1.csproj", "{BC869A79-CE77-4E6B-B8E8-97116530AC06}"
EndProject
Project("{9A19103F-16F7-4668-BE54-9A1E7A4F7556}") = "AdvancedConsoleApp1", "AdvancedConsoleApp1\AdvancedConsoleApp1.csproj", "{D1BBC191-1F80-4D18-8806-C491DA8C09C7}"
EndProject
Project("{9A19103F-16F7-4668-BE54-9A1E7A4F7556}") = "CSharpDatabase", "CSharpDatabase\CSharpDatabase.csproj", "{BEA6FA2A-3913-464D-99BA-1671DCAA3172}"
EndProject
Project("{9A19103F-16F7-4668-BE54-9A1E7A4F7556}") = "CSharpDatabaseConsoleApp", "CSharpDatabaseConsoleApp\CSharpDatabaseConsoleApp.csproj", "{88BECF24-701F-492C-A292-2822393384A3}"
EndProject
Project("{FAE04EC0-301F-11D3-BF4B-00C04F79EFBC}") = "MultiThreadWpfApp", "MultiThreadWpfApp\MultiThreadWpfApp.csproj", "{74A6923E-0B83-497F-8B71-94464FECD81F}"
EndProject
Project("{FAE04EC0-301F-11D3-BF4B-00C04F79EFBC}") = "ThreadService", "ThreadService\ThreadService.csproj", "{B5FC4B73-74C6-4899-962B-D39AF3A82E83}"
EndProject
Global
	GlobalSection(SolutionConfigurationPlatforms) = preSolution
		Debug|Any CPU = Debug|Any CPU
		Release|Any CPU = Release|Any CPU
	EndGlobalSection
	GlobalSection(ProjectConfigurationPlatforms) = postSolution
		{2C956167-69DA-4475-8C11-BA072D0DB47D}.Debug|Any CPU.ActiveCfg = Debug|Any CPU
		{2C956167-69DA-4475-8C11-BA072D0DB47D}.Debug|Any CPU.Build.0 = Debug|Any CPU
		{2C956167-69DA-4475-8C11-BA072D0DB47D}.Release|Any CPU.ActiveCfg = Release|Any CPU
		{2C956167-69DA-4475-8C11-BA072D0DB47D}.Release|Any CPU.Build.0 = Release|Any CPU
		{08490885-9BF1-4E54-95AE-4029584FF3DE}.Debug|Any CPU.ActiveCfg = Debug|Any CPU
		{08490885-9BF1-4E54-95AE-4029584FF3DE}.Debug|Any CPU.Build.0 = Debug|Any CPU
		{08490885-9BF1-4E54-95AE-4029584FF3DE}.Release|Any CPU.ActiveCfg = Release|Any CPU
		{08490885-9BF1-4E54-95AE-4029584FF3DE}.Release|Any CPU.Build.0 = Release|Any CPU
		{962E44A2-CE67-4106-85FC-770E845BF085}.Debug|Any CPU.ActiveCfg = Debug|Any CPU
		{962E44A2-CE67-4106-85FC-770E845BF085}.Debug|Any CPU.Build.0 = Debug|Any CPU
		{962E44A2-CE67-4106-85FC-770E845BF085}.Release|Any CPU.ActiveCfg = Release|Any CPU
		{962E44A2-CE67-4106-85FC-770E845BF085}.Release|Any CPU.Build.0 = Release|Any CPU
		{43CD80DA-D05D-474C-AF46-ACDFC391683F}.Debug|Any CPU.ActiveCfg = Debug|Any CPU
		{43CD80DA-D05D-474C-AF46-ACDFC391683F}.Debug|Any CPU.Build.0 = Debug|Any CPU
		{43CD80DA-D05D-474C-AF46-ACDFC391683F}.Release|Any CPU.ActiveCfg = Release|Any CPU
		{43CD80DA-D05D-474C-AF46-ACDFC391683F}.Release|Any CPU.Build.0 = Release|Any CPU
		{38DC4733-EF12-40C5-B042-B64AABEA1C9A}.Debug|Any CPU.ActiveCfg = Debug|Any CPU
		{38DC4733-EF12-40C5-B042-B64AABEA1C9A}.Debug|Any CPU.Build.0 = Debug|Any CPU
		{38DC4733-EF12-40C5-B042-B64AABEA1C9A}.Release|Any CPU.ActiveCfg = Release|Any CPU
		{38DC4733-EF12-40C5-B042-B64AABEA1C9A}.Release|Any CPU.Build.0 = Release|Any CPU
		{C8788C72-C39D-4A06-B129-EF3699A3D29E}.Debug|Any CPU.ActiveCfg = Debug|Any CPU
		{C8788C72-C39D-4A06-B129-EF3699A3D29E}.Debug|Any CPU.Build.0 = Debug|Any CPU
		{C8788C72-C39D-4A06-B129-EF3699A3D29E}.Release|Any CPU.ActiveCfg = Release|Any CPU
		{C8788C72-C39D-4A06-B129-EF3699A3D29E}.Release|Any CPU.Build.0 = Release|Any CPU
		{771B664E-046F-478B-BDF0-90F37BEED470}.Debug|Any CPU.ActiveCfg = Debug|Any CPU
		{771B664E-046F-478B-BDF0-90F37BEED470}.Debug|Any CPU.Build.0 = Debug|Any CPU
		{771B664E-046F-478B-BDF0-90F37BEED470}.Release|Any CPU.ActiveCfg = Release|Any CPU
		{771B664E-046F-478B-BDF0-90F37BEED470}.Release|Any CPU.Build.0 = Release|Any CPU
		{946843BF-1970-4CCD-82B3-8E8539E2E63C}.Debug|Any CPU.ActiveCfg = Debug|Any CPU
		{946843BF-1970-4CCD-82B3-8E8539E2E63C}.Debug|Any CPU.Build.0 = Debug|Any CPU
		{946843BF-1970-4CCD-82B3-8E8539E2E63C}.Release|Any CPU.ActiveCfg = Release|Any CPU
		{946843BF-1970-4CCD-82B3-8E8539E2E63C}.Release|Any CPU.Build.0 = Release|Any CPU
		{A063F928-5B5E-4F99-8303-748FD00B57D9}.Debug|Any CPU.ActiveCfg = Debug|Any CPU
		{A063F928-5B5E-4F99-8303-748FD00B57D9}.Debug|Any CPU.Build.0 = Debug|Any CPU
		{A063F928-5B5E-4F99-8303-748FD00B57D9}.Release|Any CPU.ActiveCfg = Release|Any CPU
		{A063F928-5B5E-4F99-8303-748FD00B57D9}.Release|Any CPU.Build.0 = Release|Any CPU
		{72F57019-4D08-43EF-9196-B47248B0C3CB}.Debug|Any CPU.ActiveCfg = Debug|Any CPU
		{72F57019-4D08-43EF-9196-B47248B0C3CB}.Debug|Any CPU.Build.0 = Debug|Any CPU
		{72F57019-4D08-43EF-9196-B47248B0C3CB}.Release|Any CPU.ActiveCfg = Release|Any CPU
		{72F57019-4D08-43EF-9196-B47248B0C3CB}.Release|Any CPU.Build.0 = Release|Any CPU
		{2A14E8E6-6C05-4EC6-831D-AEFA3BA82716}.Debug|Any CPU.ActiveCfg = Debug|Any CPU
		{2A14E8E6-6C05-4EC6-831D-AEFA3BA82716}.Debug|Any CPU.Build.0 = Debug|Any CPU
		{2A14E8E6-6C05-4EC6-831D-AEFA3BA82716}.Release|Any CPU.ActiveCfg = Release|Any CPU
		{2A14E8E6-6C05-4EC6-831D-AEFA3BA82716}.Release|Any CPU.Build.0 = Release|Any CPU
		{BC869A79-CE77-4E6B-B8E8-97116530AC06}.Debug|Any CPU.ActiveCfg = Debug|Any CPU
		{BC869A79-CE77-4E6B-B8E8-97116530AC06}.Debug|Any CPU.Build.0 = Debug|Any CPU
		{BC869A79-CE77-4E6B-B8E8-97116530AC06}.Release|Any CPU.ActiveCfg = Release|Any CPU
		{BC869A79-CE77-4E6B-B8E8-97116530AC06}.Release|Any CPU.Build.0 = Release|Any CPU
		{D1BBC191-1F80-4D18-8806-C491DA8C09C7}.Debug|Any CPU.ActiveCfg = Debug|Any CPU
		{D1BBC191-1F80-4D18-8806-C491DA8C09C7}.Debug|Any CPU.Build.0 = Debug|Any CPU
		{D1BBC191-1F80-4D18-8806-C491DA8C09C7}.Release|Any CPU.ActiveCfg = Release|Any CPU
		{D1BBC191-1F80-4D18-8806-C491DA8C09C7}.Release|Any CPU.Build.0 = Release|Any CPU
		{BEA6FA2A-3913-464D-99BA-1671DCAA3172}.Debug|Any CPU.ActiveCfg = Debug|Any CPU
		{BEA6FA2A-3913-464D-99BA-1671DCAA3172}.Debug|Any CPU.Build.0 = Debug|Any CPU
		{BEA6FA2A-3913-464D-99BA-1671DCAA3172}.Release|Any CPU.ActiveCfg = Release|Any CPU
		{BEA6FA2A-3913-464D-99BA-1671DCAA3172}.Release|Any CPU.Build.0 = Release|Any CPU
		{88BECF24-701F-492C-A292-2822393384A3}.Debug|Any CPU.ActiveCfg = Debug|Any CPU
		{88BECF24-701F-492C-A292-2822393384A3}.Debug|Any CPU.Build.0 = Debug|Any CPU
		{88BECF24-701F-492C-A292-2822393384A3}.Release|Any CPU.ActiveCfg = Release|Any CPU
		{88BECF24-701F-492C-A292-2822393384A3}.Release|Any CPU.Build.0 = Release|Any CPU
		{74A6923E-0B83-497F-8B71-94464FECD81F}.Debug|Any CPU.ActiveCfg = Debug|Any CPU
		{74A6923E-0B83-497F-8B71-94464FECD81F}.Debug|Any CPU.Build.0 = Debug|Any CPU
		{74A6923E-0B83-497F-8B71-94464FECD81F}.Release|Any CPU.ActiveCfg = Release|Any CPU
		{74A6923E-0B83-497F-8B71-94464FECD81F}.Release|Any CPU.Build.0 = Release|Any CPU
		{B5FC4B73-74C6-4899-962B-D39AF3A82E83}.Debug|Any CPU.ActiveCfg = Debug|Any CPU
		{B5FC4B73-74C6-4899-962B-D39AF3A82E83}.Debug|Any CPU.Build.0 = Debug|Any CPU
		{B5FC4B73-74C6-4899-962B-D39AF3A82E83}.Release|Any CPU.ActiveCfg = Release|Any CPU
		{B5FC4B73-74C6-4899-962B-D39AF3A82E83}.Release|Any CPU.Build.0 = Release|Any CPU
	EndGlobalSection
	GlobalSection(SolutionProperties) = preSolution
		HideSolutionNode = FALSE
	EndGlobalSection
	GlobalSection(ExtensibilityGlobals) = postSolution
		SolutionGuid = {4CC412CC-D03F-44FA-A83F-5A580F2C6216}
	EndGlobalSection
EndGlobal
